
Microsoft Visual Studio Solution File, Format Version 12.00
# Visual Studio Version 17
VisualStudioVersion = 17.7.34003.232
MinimumVisualStudioVersion = 10.0.40219.1
Project("{9A19103F-16F7-4668-BE54-9A1E7A4F7556}") = "test_dotnet1", "test_dotnet1\test_dotnet1.csproj", "{4FF72DF3-DDFA-4688-82B8-41EEA79C21A8}"
EndProject
Project("{9A19103F-16F7-4668-BE54-9A1E7A4F7556}") = "test_dotnet1_Models", "test_dotnet1_Models\test_dotnet1_Models.csproj", "{55FDC885-810C-4F7C-B748-890DCD929C5C}"
EndProject
Project("{9A19103F-16F7-4668-BE54-9A1E7A4F7556}") = "test_dotnet_Data_Access", "test_dotnet_Data_Access\test_dotnet_Data_Access.csproj", "{3AE1B0C3-AABD-4284-92AC-07242832B72E}"
EndProject
Global
	GlobalSection(SolutionConfigurationPlatforms) = preSolution
		Debug|Any CPU = Debug|Any CPU
		Release|Any CPU = Release|Any CPU
	EndGlobalSection
	GlobalSection(ProjectConfigurationPlatforms) = postSolution
		{4FF72DF3-DDFA-4688-82B8-41EEA79C21A8}.Debug|Any CPU.ActiveCfg = Debug|Any CPU
		{4FF72DF3-DDFA-4688-82B8-41EEA79C21A8}.Debug|Any CPU.Build.0 = Debug|Any CPU
		{4FF72DF3-DDFA-4688-82B8-41EEA79C21A8}.Release|Any CPU.ActiveCfg = Release|Any CPU
		{4FF72DF3-DDFA-4688-82B8-41EEA79C21A8}.Release|Any CPU.Build.0 = Release|Any CPU
		{55FDC885-810C-4F7C-B748-890DCD929C5C}.Debug|Any CPU.ActiveCfg = Debug|Any CPU
		{55FDC885-810C-4F7C-B748-890DCD929C5C}.Debug|Any CPU.Build.0 = Debug|Any CPU
		{55FDC885-810C-4F7C-B748-890DCD929C5C}.Release|Any CPU.ActiveCfg = Release|Any CPU
		{55FDC885-810C-4F7C-B748-890DCD929C5C}.Release|Any CPU.Build.0 = Release|Any CPU
		{3AE1B0C3-AABD-4284-92AC-07242832B72E}.Debug|Any CPU.ActiveCfg = Debug|Any CPU
		{3AE1B0C3-AABD-4284-92AC-07242832B72E}.Debug|Any CPU.Build.0 = Debug|Any CPU
		{3AE1B0C3-AABD-4284-92AC-07242832B72E}.Release|Any CPU.ActiveCfg = Release|Any CPU
		{3AE1B0C3-AABD-4284-92AC-07242832B72E}.Release|Any CPU.Build.0 = Release|Any CPU
	EndGlobalSection
	GlobalSection(SolutionProperties) = preSolution
		HideSolutionNode = FALSE
	EndGlobalSection
	GlobalSection(ExtensibilityGlobals) = postSolution
		SolutionGuid = {FD4F50B0-C2B9-43C2-B722-9CACD774DC88}
	EndGlobalSection
EndGlobal
